
Microsoft Visual Studio Solution File, Format Version 12.00
# Visual Studio Version 16
VisualStudioVersion = 16.0.31729.503
MinimumVisualStudioVersion = 10.0.40219.1
Project("{FAE04EC0-301F-11D3-BF4B-00C04F79EFBC}") = "nomFichier", "nomFichier.csproj", "{6B2833A6-63A6-461A-8D32-1A0C8161AD0C}"
EndProject
Global
	GlobalSection(SolutionConfigurationPlatforms) = preSolution
		Debug|Any CPU = Debug|Any CPU
		Release|Any CPU = Release|Any CPU
	EndGlobalSection
	GlobalSection(ProjectConfigurationPlatforms) = postSolution
		{6B2833A6-63A6-461A-8D32-1A0C8161AD0C}.Debug|Any CPU.ActiveCfg = Debug|Any CPU
		{6B2833A6-63A6-461A-8D32-1A0C8161AD0C}.Debug|Any CPU.Build.0 = Debug|Any CPU
		{6B2833A6-63A6-461A-8D32-1A0C8161AD0C}.Release|Any CPU.ActiveCfg = Release|Any CPU
		{6B2833A6-63A6-461A-8D32-1A0C8161AD0C}.Release|Any CPU.Build.0 = Release|Any CPU
	EndGlobalSection
	GlobalSection(SolutionProperties) = preSolution
		HideSolutionNode = FALSE
	EndGlobalSection
	GlobalSection(ExtensibilityGlobals) = postSolution
		SolutionGuid = {3239C1E2-BD14-451C-A835-C255B5CC668D}
	EndGlobalSection
EndGlobal
