
Microsoft Visual Studio Solution File, Format Version 12.00
# Visual Studio Version 16
VisualStudioVersion = 16.0.31729.503
MinimumVisualStudioVersion = 10.0.40219.1
Project("{FAE04EC0-301F-11D3-BF4B-00C04F79EFBC}") = "MaquetteInvervention", "MaquetteInvervention\MaquetteInvervention.csproj", "{F3677B5B-8F1F-4CD2-9523-71EA238A1D45}"
EndProject
Global
	GlobalSection(SolutionConfigurationPlatforms) = preSolution
		Debug|Any CPU = Debug|Any CPU
		Release|Any CPU = Release|Any CPU
	EndGlobalSection
	GlobalSection(ProjectConfigurationPlatforms) = postSolution
		{F3677B5B-8F1F-4CD2-9523-71EA238A1D45}.Debug|Any CPU.ActiveCfg = Debug|Any CPU
		{F3677B5B-8F1F-4CD2-9523-71EA238A1D45}.Debug|Any CPU.Build.0 = Debug|Any CPU
		{F3677B5B-8F1F-4CD2-9523-71EA238A1D45}.Release|Any CPU.ActiveCfg = Release|Any CPU
		{F3677B5B-8F1F-4CD2-9523-71EA238A1D45}.Release|Any CPU.Build.0 = Release|Any CPU
	EndGlobalSection
	GlobalSection(SolutionProperties) = preSolution
		HideSolutionNode = FALSE
	EndGlobalSection
	GlobalSection(ExtensibilityGlobals) = postSolution
		SolutionGuid = {DD7226E1-4046-4117-B49D-74CCE0AA599E}
	EndGlobalSection
EndGlobal
