
Microsoft Visual Studio Solution File, Format Version 12.00
# Visual Studio Version 16
VisualStudioVersion = 16.0.31729.503
MinimumVisualStudioVersion = 10.0.40219.1
Project("{FAE04EC0-301F-11D3-BF4B-00C04F79EFBC}") = "exo5", "exo5\exo5.csproj", "{80B3FDBB-8BAD-4620-BFCD-837900E70986}"
EndProject
Global
	GlobalSection(SolutionConfigurationPlatforms) = preSolution
		Debug|Any CPU = Debug|Any CPU
		Release|Any CPU = Release|Any CPU
	EndGlobalSection
	GlobalSection(ProjectConfigurationPlatforms) = postSolution
		{80B3FDBB-8BAD-4620-BFCD-837900E70986}.Debug|Any CPU.ActiveCfg = Debug|Any CPU
		{80B3FDBB-8BAD-4620-BFCD-837900E70986}.Debug|Any CPU.Build.0 = Debug|Any CPU
		{80B3FDBB-8BAD-4620-BFCD-837900E70986}.Release|Any CPU.ActiveCfg = Release|Any CPU
		{80B3FDBB-8BAD-4620-BFCD-837900E70986}.Release|Any CPU.Build.0 = Release|Any CPU
	EndGlobalSection
	GlobalSection(SolutionProperties) = preSolution
		HideSolutionNode = FALSE
	EndGlobalSection
	GlobalSection(ExtensibilityGlobals) = postSolution
		SolutionGuid = {C3A58EBE-85D1-481F-A774-E832108B4F7B}
	EndGlobalSection
EndGlobal
